
Microsoft Visual Studio Solution File, Format Version 12.00
# Visual Studio Version 17
VisualStudioVersion = 17.14.36203.30
MinimumVisualStudioVersion = 10.0.40219.1
Project("{FAE04EC0-301F-11D3-BF4B-00C04F79EFBC}") = "TMS.Api", "TMS.Api.csproj", "{35669BF9-0A75-4B7B-9EEB-B7054180276C}"
EndProject
Project("{FAE04EC0-301F-11D3-BF4B-00C04F79EFBC}") = "TMS.Core", "..\TMS.Core\TMS.Core.csproj", "{AF138D6D-A414-4AF5-AF8C-BCBFEE4198F3}"
EndProject
Global
	GlobalSection(SolutionConfigurationPlatforms) = preSolution
		Debug|Any CPU = Debug|Any CPU
		Release|Any CPU = Release|Any CPU
	EndGlobalSection
	GlobalSection(ProjectConfigurationPlatforms) = postSolution
		{35669BF9-0A75-4B7B-9EEB-B7054180276C}.Debug|Any CPU.ActiveCfg = Debug|Any CPU
		{35669BF9-0A75-4B7B-9EEB-B7054180276C}.Debug|Any CPU.Build.0 = Debug|Any CPU
		{35669BF9-0A75-4B7B-9EEB-B7054180276C}.Release|Any CPU.ActiveCfg = Release|Any CPU
		{35669BF9-0A75-4B7B-9EEB-B7054180276C}.Release|Any CPU.Build.0 = Release|Any CPU
		{AF138D6D-A414-4AF5-AF8C-BCBFEE4198F3}.Debug|Any CPU.ActiveCfg = Debug|Any CPU
		{AF138D6D-A414-4AF5-AF8C-BCBFEE4198F3}.Debug|Any CPU.Build.0 = Debug|Any CPU
		{AF138D6D-A414-4AF5-AF8C-BCBFEE4198F3}.Release|Any CPU.ActiveCfg = Release|Any CPU
		{AF138D6D-A414-4AF5-AF8C-BCBFEE4198F3}.Release|Any CPU.Build.0 = Release|Any CPU
	EndGlobalSection
	GlobalSection(SolutionProperties) = preSolution
		HideSolutionNode = FALSE
	EndGlobalSection
	GlobalSection(ExtensibilityGlobals) = postSolution
		SolutionGuid = {4C99DBA8-8BF7-4E23-AD78-E1DF08EFB2C1}
	EndGlobalSection
EndGlobal
